{
  "requires": true,
  "lockfileVersion": 1,
  "dependencies": {
    "ky": {
      "version": "0.24.0",
      "resolved": "https://registry.npmjs.org/ky/-/ky-0.24.0.tgz",
      "integrity": "sha512-/vpuQguwV30jErrqLpoaU/YJAFALrUkqqWLILnSoBOj5/O/LKzro/pPNtxbLgY6m4w5XNM6YZ3v7/or8qLlFuw=="
    },
    "node-fetch": {
      "version": "2.6.1",
      "resolved": "https://registry.npmjs.org/node-fetch/-/node-fetch-2.6.1.tgz",
      "integrity": "sha512-V4aYg89jEoVRxRb2fJdAg8FHvI7cEyYdVAh94HH0UIK8oJxUfkjlDQN9RbMx+bEjP7+ggMiFRprSti032Oipxw=="
    }
  }
}
